
Microsoft Visual Studio Solution File, Format Version 12.00
# Visual Studio Version 16
VisualStudioVersion = 16.0.31205.176
MinimumVisualStudioVersion = 10.0.40219.1
Project("{FAE04EC0-301F-11D3-BF4B-00C04F79EFBC}") = "aspnetcore-table", "aspnetcore-table\aspnetcore-table.csproj", "{23F18771-D678-4734-9DB0-881667855F97}"
EndProject
Global
	GlobalSection(SolutionConfigurationPlatforms) = preSolution
		Debug|Any CPU = Debug|Any CPU
		Release|Any CPU = Release|Any CPU
	EndGlobalSection
	GlobalSection(ProjectConfigurationPlatforms) = postSolution
		{23F18771-D678-4734-9DB0-881667855F97}.Debug|Any CPU.ActiveCfg = Debug|Any CPU
		{23F18771-D678-4734-9DB0-881667855F97}.Debug|Any CPU.Build.0 = Debug|Any CPU
		{23F18771-D678-4734-9DB0-881667855F97}.Release|Any CPU.ActiveCfg = Release|Any CPU
		{23F18771-D678-4734-9DB0-881667855F97}.Release|Any CPU.Build.0 = Release|Any CPU
	EndGlobalSection
	GlobalSection(SolutionProperties) = preSolution
		HideSolutionNode = FALSE
	EndGlobalSection
	GlobalSection(ExtensibilityGlobals) = postSolution
		SolutionGuid = {BC69F3DE-E23D-45D2-AFB9-21D1528C0741}
	EndGlobalSection
EndGlobal
